
Microsoft Visual Studio Solution File, Format Version 12.00
# Visual Studio Version 17
VisualStudioVersion = 17.0.31903.59
MinimumVisualStudioVersion = 10.0.40219.1
Project("{2150E333-8FDC-42A3-9474-1A3956D46DE8}") = "src", "src", "{EE1DF9BC-D3AC-401E-B5D7-169F2AE2D0E1}"
EndProject
Project("{FAE04EC0-301F-11D3-BF4B-00C04F79EFBC}") = "Klab.Toolkit.Common", "src\Klab.Toolkit.Common\Klab.Toolkit.Common.csproj", "{0650A118-AD44-4308-AF66-9B394C26117E}"
EndProject
Project("{FAE04EC0-301F-11D3-BF4B-00C04F79EFBC}") = "Klab.Toolkit.Common.Tests", "src\Klab.Toolkit.Common.Tests\Klab.Toolkit.Common.Tests.csproj", "{C87E146D-2E61-447D-A4CD-6CD620062195}"
EndProject
Project("{FAE04EC0-301F-11D3-BF4B-00C04F79EFBC}") = "Klab.Toolkit.DI", "src\Klab.Toolkit.DI\Klab.Toolkit.DI.csproj", "{472CC3E5-4A82-4677-9BA8-E602AC55E1C0}"
EndProject
Project("{FAE04EC0-301F-11D3-BF4B-00C04F79EFBC}") = "Klab.Toolkit.DI.Tests", "src\Klab.Toolkit.DI.Tests\Klab.Toolkit.DI.Tests.csproj", "{FB1DD98B-049D-4977-BFB4-A4E25ED5E7B0}"
EndProject
Project("{FAE04EC0-301F-11D3-BF4B-00C04F79EFBC}") = "Klab.Toolkit.Event.InMemory", "src\Klab.Toolkit.Event.InMemory\Klab.Toolkit.Event.InMemory.csproj", "{549EC167-0640-457B-A836-BE92086B01E5}"
EndProject
Project("{FAE04EC0-301F-11D3-BF4B-00C04F79EFBC}") = "Klab.Toolkit.Event", "src\Klab.Toolkit.Event\Klab.Toolkit.Event.csproj", "{A8F3AB59-334C-4262-BB8A-D562FC6F3248}"
EndProject
Project("{FAE04EC0-301F-11D3-BF4B-00C04F79EFBC}") = "Klab.Toolkit.Event.Tests", "src\Klab.Toolkit.Event.Tests\Klab.Toolkit.Event.Tests.csproj", "{EEFAE709-1FBE-40AB-A0E3-1B15828D8B51}"
EndProject
Project("{FAE04EC0-301F-11D3-BF4B-00C04F79EFBC}") = "Klab.Toolkit.ExtensionMethods", "src\Klab.Toolkit.ExtensionMethods\Klab.Toolkit.ExtensionMethods.csproj", "{EB750FB8-2F36-4D14-B5E9-0BFA7E755DD8}"
EndProject
Project("{FAE04EC0-301F-11D3-BF4B-00C04F79EFBC}") = "Klab.Toolkit.ExtensionMethods.Tests", "src\Klab.Toolkit.ExtensionMethods.Tests\Klab.Toolkit.ExtensionMethods.Tests.csproj", "{54857398-E720-4C5F-9E35-1B19C707488D}"
EndProject
Project("{FAE04EC0-301F-11D3-BF4B-00C04F79EFBC}") = "Klab.Toolkit.Results", "src\Klab.Toolkit.Results\Klab.Toolkit.Results.csproj", "{46F3DE7E-017E-40B4-ADB6-26FF6874791C}"
EndProject
Project("{FAE04EC0-301F-11D3-BF4B-00C04F79EFBC}") = "Klab.Toolkit.Results.Tests", "src\Klab.Toolkit.Results.Tests\Klab.Toolkit.Results.Tests.csproj", "{7E9A1F0A-1A8C-405E-A826-CEB07F6E0598}"
EndProject
Project("{FAE04EC0-301F-11D3-BF4B-00C04F79EFBC}") = "Klab.Toolkit.ValueObjects", "src\Klab.Toolkit.ValueObjects\Klab.Toolkit.ValueObjects.csproj", "{B9ADAA35-0535-47B8-9731-8AA475A28CD1}"
EndProject
Project("{FAE04EC0-301F-11D3-BF4B-00C04F79EFBC}") = "Klab.Toolkit.ValueObjects.Tests", "src\Klab.Toolkit.ValueObjects.Tests\Klab.Toolkit.ValueObjects.Tests.csproj", "{315AB2DD-54A5-4543-86D6-033B717B4519}"
EndProject
Global
	GlobalSection(SolutionConfigurationPlatforms) = preSolution
		Debug|Any CPU = Debug|Any CPU
		Debug|x64 = Debug|x64
		Debug|x86 = Debug|x86
		Release|Any CPU = Release|Any CPU
		Release|x64 = Release|x64
		Release|x86 = Release|x86
	EndGlobalSection
	GlobalSection(ProjectConfigurationPlatforms) = postSolution
		{0650A118-AD44-4308-AF66-9B394C26117E}.Debug|Any CPU.ActiveCfg = Debug|Any CPU
		{0650A118-AD44-4308-AF66-9B394C26117E}.Debug|Any CPU.Build.0 = Debug|Any CPU
		{0650A118-AD44-4308-AF66-9B394C26117E}.Debug|x64.ActiveCfg = Debug|Any CPU
		{0650A118-AD44-4308-AF66-9B394C26117E}.Debug|x64.Build.0 = Debug|Any CPU
		{0650A118-AD44-4308-AF66-9B394C26117E}.Debug|x86.ActiveCfg = Debug|Any CPU
		{0650A118-AD44-4308-AF66-9B394C26117E}.Debug|x86.Build.0 = Debug|Any CPU
		{0650A118-AD44-4308-AF66-9B394C26117E}.Release|Any CPU.ActiveCfg = Release|Any CPU
		{0650A118-AD44-4308-AF66-9B394C26117E}.Release|Any CPU.Build.0 = Release|Any CPU
		{0650A118-AD44-4308-AF66-9B394C26117E}.Release|x64.ActiveCfg = Release|Any CPU
		{0650A118-AD44-4308-AF66-9B394C26117E}.Release|x64.Build.0 = Release|Any CPU
		{0650A118-AD44-4308-AF66-9B394C26117E}.Release|x86.ActiveCfg = Release|Any CPU
		{0650A118-AD44-4308-AF66-9B394C26117E}.Release|x86.Build.0 = Release|Any CPU
		{C87E146D-2E61-447D-A4CD-6CD620062195}.Debug|Any CPU.ActiveCfg = Debug|Any CPU
		{C87E146D-2E61-447D-A4CD-6CD620062195}.Debug|Any CPU.Build.0 = Debug|Any CPU
		{C87E146D-2E61-447D-A4CD-6CD620062195}.Debug|x64.ActiveCfg = Debug|Any CPU
		{C87E146D-2E61-447D-A4CD-6CD620062195}.Debug|x64.Build.0 = Debug|Any CPU
		{C87E146D-2E61-447D-A4CD-6CD620062195}.Debug|x86.ActiveCfg = Debug|Any CPU
		{C87E146D-2E61-447D-A4CD-6CD620062195}.Debug|x86.Build.0 = Debug|Any CPU
		{C87E146D-2E61-447D-A4CD-6CD620062195}.Release|Any CPU.ActiveCfg = Release|Any CPU
		{C87E146D-2E61-447D-A4CD-6CD620062195}.Release|Any CPU.Build.0 = Release|Any CPU
		{C87E146D-2E61-447D-A4CD-6CD620062195}.Release|x64.ActiveCfg = Release|Any CPU
		{C87E146D-2E61-447D-A4CD-6CD620062195}.Release|x64.Build.0 = Release|Any CPU
		{C87E146D-2E61-447D-A4CD-6CD620062195}.Release|x86.ActiveCfg = Release|Any CPU
		{C87E146D-2E61-447D-A4CD-6CD620062195}.Release|x86.Build.0 = Release|Any CPU
		{472CC3E5-4A82-4677-9BA8-E602AC55E1C0}.Debug|Any CPU.ActiveCfg = Debug|Any CPU
		{472CC3E5-4A82-4677-9BA8-E602AC55E1C0}.Debug|Any CPU.Build.0 = Debug|Any CPU
		{472CC3E5-4A82-4677-9BA8-E602AC55E1C0}.Debug|x64.ActiveCfg = Debug|Any CPU
		{472CC3E5-4A82-4677-9BA8-E602AC55E1C0}.Debug|x64.Build.0 = Debug|Any CPU
		{472CC3E5-4A82-4677-9BA8-E602AC55E1C0}.Debug|x86.ActiveCfg = Debug|Any CPU
		{472CC3E5-4A82-4677-9BA8-E602AC55E1C0}.Debug|x86.Build.0 = Debug|Any CPU
		{472CC3E5-4A82-4677-9BA8-E602AC55E1C0}.Release|Any CPU.ActiveCfg = Release|Any CPU
		{472CC3E5-4A82-4677-9BA8-E602AC55E1C0}.Release|Any CPU.Build.0 = Release|Any CPU
		{472CC3E5-4A82-4677-9BA8-E602AC55E1C0}.Release|x64.ActiveCfg = Release|Any CPU
		{472CC3E5-4A82-4677-9BA8-E602AC55E1C0}.Release|x64.Build.0 = Release|Any CPU
		{472CC3E5-4A82-4677-9BA8-E602AC55E1C0}.Release|x86.ActiveCfg = Release|Any CPU
		{472CC3E5-4A82-4677-9BA8-E602AC55E1C0}.Release|x86.Build.0 = Release|Any CPU
		{FB1DD98B-049D-4977-BFB4-A4E25ED5E7B0}.Debug|Any CPU.ActiveCfg = Debug|Any CPU
		{FB1DD98B-049D-4977-BFB4-A4E25ED5E7B0}.Debug|Any CPU.Build.0 = Debug|Any CPU
		{FB1DD98B-049D-4977-BFB4-A4E25ED5E7B0}.Debug|x64.ActiveCfg = Debug|Any CPU
		{FB1DD98B-049D-4977-BFB4-A4E25ED5E7B0}.Debug|x64.Build.0 = Debug|Any CPU
		{FB1DD98B-049D-4977-BFB4-A4E25ED5E7B0}.Debug|x86.ActiveCfg = Debug|Any CPU
		{FB1DD98B-049D-4977-BFB4-A4E25ED5E7B0}.Debug|x86.Build.0 = Debug|Any CPU
		{FB1DD98B-049D-4977-BFB4-A4E25ED5E7B0}.Release|Any CPU.ActiveCfg = Release|Any CPU
		{FB1DD98B-049D-4977-BFB4-A4E25ED5E7B0}.Release|Any CPU.Build.0 = Release|Any CPU
		{FB1DD98B-049D-4977-BFB4-A4E25ED5E7B0}.Release|x64.ActiveCfg = Release|Any CPU
		{FB1DD98B-049D-4977-BFB4-A4E25ED5E7B0}.Release|x64.Build.0 = Release|Any CPU
		{FB1DD98B-049D-4977-BFB4-A4E25ED5E7B0}.Release|x86.ActiveCfg = Release|Any CPU
		{FB1DD98B-049D-4977-BFB4-A4E25ED5E7B0}.Release|x86.Build.0 = Release|Any CPU
		{549EC167-0640-457B-A836-BE92086B01E5}.Debug|Any CPU.ActiveCfg = Debug|Any CPU
		{549EC167-0640-457B-A836-BE92086B01E5}.Debug|Any CPU.Build.0 = Debug|Any CPU
		{549EC167-0640-457B-A836-BE92086B01E5}.Debug|x64.ActiveCfg = Debug|Any CPU
		{549EC167-0640-457B-A836-BE92086B01E5}.Debug|x64.Build.0 = Debug|Any CPU
		{549EC167-0640-457B-A836-BE92086B01E5}.Debug|x86.ActiveCfg = Debug|Any CPU
		{549EC167-0640-457B-A836-BE92086B01E5}.Debug|x86.Build.0 = Debug|Any CPU
		{549EC167-0640-457B-A836-BE92086B01E5}.Release|Any CPU.ActiveCfg = Release|Any CPU
		{549EC167-0640-457B-A836-BE92086B01E5}.Release|Any CPU.Build.0 = Release|Any CPU
		{549EC167-0640-457B-A836-BE92086B01E5}.Release|x64.ActiveCfg = Release|Any CPU
		{549EC167-0640-457B-A836-BE92086B01E5}.Release|x64.Build.0 = Release|Any CPU
		{549EC167-0640-457B-A836-BE92086B01E5}.Release|x86.ActiveCfg = Release|Any CPU
		{549EC167-0640-457B-A836-BE92086B01E5}.Release|x86.Build.0 = Release|Any CPU
		{A8F3AB59-334C-4262-BB8A-D562FC6F3248}.Debug|Any CPU.ActiveCfg = Debug|Any CPU
		{A8F3AB59-334C-4262-BB8A-D562FC6F3248}.Debug|Any CPU.Build.0 = Debug|Any CPU
		{A8F3AB59-334C-4262-BB8A-D562FC6F3248}.Debug|x64.ActiveCfg = Debug|Any CPU
		{A8F3AB59-334C-4262-BB8A-D562FC6F3248}.Debug|x64.Build.0 = Debug|Any CPU
		{A8F3AB59-334C-4262-BB8A-D562FC6F3248}.Debug|x86.ActiveCfg = Debug|Any CPU
		{A8F3AB59-334C-4262-BB8A-D562FC6F3248}.Debug|x86.Build.0 = Debug|Any CPU
		{A8F3AB59-334C-4262-BB8A-D562FC6F3248}.Release|Any CPU.ActiveCfg = Release|Any CPU
		{A8F3AB59-334C-4262-BB8A-D562FC6F3248}.Release|Any CPU.Build.0 = Release|Any CPU
		{A8F3AB59-334C-4262-BB8A-D562FC6F3248}.Release|x64.ActiveCfg = Release|Any CPU
		{A8F3AB59-334C-4262-BB8A-D562FC6F3248}.Release|x64.Build.0 = Release|Any CPU
		{A8F3AB59-334C-4262-BB8A-D562FC6F3248}.Release|x86.ActiveCfg = Release|Any CPU
		{A8F3AB59-334C-4262-BB8A-D562FC6F3248}.Release|x86.Build.0 = Release|Any CPU
		{EEFAE709-1FBE-40AB-A0E3-1B15828D8B51}.Debug|Any CPU.ActiveCfg = Debug|Any CPU
		{EEFAE709-1FBE-40AB-A0E3-1B15828D8B51}.Debug|Any CPU.Build.0 = Debug|Any CPU
		{EEFAE709-1FBE-40AB-A0E3-1B15828D8B51}.Debug|x64.ActiveCfg = Debug|Any CPU
		{EEFAE709-1FBE-40AB-A0E3-1B15828D8B51}.Debug|x64.Build.0 = Debug|Any CPU
		{EEFAE709-1FBE-40AB-A0E3-1B15828D8B51}.Debug|x86.ActiveCfg = Debug|Any CPU
		{EEFAE709-1FBE-40AB-A0E3-1B15828D8B51}.Debug|x86.Build.0 = Debug|Any CPU
		{EEFAE709-1FBE-40AB-A0E3-1B15828D8B51}.Release|Any CPU.ActiveCfg = Release|Any CPU
		{EEFAE709-1FBE-40AB-A0E3-1B15828D8B51}.Release|Any CPU.Build.0 = Release|Any CPU
		{EEFAE709-1FBE-40AB-A0E3-1B15828D8B51}.Release|x64.ActiveCfg = Release|Any CPU
		{EEFAE709-1FBE-40AB-A0E3-1B15828D8B51}.Release|x64.Build.0 = Release|Any CPU
		{EEFAE709-1FBE-40AB-A0E3-1B15828D8B51}.Release|x86.ActiveCfg = Release|Any CPU
		{EEFAE709-1FBE-40AB-A0E3-1B15828D8B51}.Release|x86.Build.0 = Release|Any CPU
		{EB750FB8-2F36-4D14-B5E9-0BFA7E755DD8}.Debug|Any CPU.ActiveCfg = Debug|Any CPU
		{EB750FB8-2F36-4D14-B5E9-0BFA7E755DD8}.Debug|Any CPU.Build.0 = Debug|Any CPU
		{EB750FB8-2F36-4D14-B5E9-0BFA7E755DD8}.Debug|x64.ActiveCfg = Debug|Any CPU
		{EB750FB8-2F36-4D14-B5E9-0BFA7E755DD8}.Debug|x64.Build.0 = Debug|Any CPU
		{EB750FB8-2F36-4D14-B5E9-0BFA7E755DD8}.Debug|x86.ActiveCfg = Debug|Any CPU
		{EB750FB8-2F36-4D14-B5E9-0BFA7E755DD8}.Debug|x86.Build.0 = Debug|Any CPU
		{EB750FB8-2F36-4D14-B5E9-0BFA7E755DD8}.Release|Any CPU.ActiveCfg = Release|Any CPU
		{EB750FB8-2F36-4D14-B5E9-0BFA7E755DD8}.Release|Any CPU.Build.0 = Release|Any CPU
		{EB750FB8-2F36-4D14-B5E9-0BFA7E755DD8}.Release|x64.ActiveCfg = Release|Any CPU
		{EB750FB8-2F36-4D14-B5E9-0BFA7E755DD8}.Release|x64.Build.0 = Release|Any CPU
		{EB750FB8-2F36-4D14-B5E9-0BFA7E755DD8}.Release|x86.ActiveCfg = Release|Any CPU
		{EB750FB8-2F36-4D14-B5E9-0BFA7E755DD8}.Release|x86.Build.0 = Release|Any CPU
		{54857398-E720-4C5F-9E35-1B19C707488D}.Debug|Any CPU.ActiveCfg = Debug|Any CPU
		{54857398-E720-4C5F-9E35-1B19C707488D}.Debug|Any CPU.Build.0 = Debug|Any CPU
		{54857398-E720-4C5F-9E35-1B19C707488D}.Debug|x64.ActiveCfg = Debug|Any CPU
		{54857398-E720-4C5F-9E35-1B19C707488D}.Debug|x64.Build.0 = Debug|Any CPU
		{54857398-E720-4C5F-9E35-1B19C707488D}.Debug|x86.ActiveCfg = Debug|Any CPU
		{54857398-E720-4C5F-9E35-1B19C707488D}.Debug|x86.Build.0 = Debug|Any CPU
		{54857398-E720-4C5F-9E35-1B19C707488D}.Release|Any CPU.ActiveCfg = Release|Any CPU
		{54857398-E720-4C5F-9E35-1B19C707488D}.Release|Any CPU.Build.0 = Release|Any CPU
		{54857398-E720-4C5F-9E35-1B19C707488D}.Release|x64.ActiveCfg = Release|Any CPU
		{54857398-E720-4C5F-9E35-1B19C707488D}.Release|x64.Build.0 = Release|Any CPU
		{54857398-E720-4C5F-9E35-1B19C707488D}.Release|x86.ActiveCfg = Release|Any CPU
		{54857398-E720-4C5F-9E35-1B19C707488D}.Release|x86.Build.0 = Release|Any CPU
		{46F3DE7E-017E-40B4-ADB6-26FF6874791C}.Debug|Any CPU.ActiveCfg = Debug|Any CPU
		{46F3DE7E-017E-40B4-ADB6-26FF6874791C}.Debug|Any CPU.Build.0 = Debug|Any CPU
		{46F3DE7E-017E-40B4-ADB6-26FF6874791C}.Debug|x64.ActiveCfg = Debug|Any CPU
		{46F3DE7E-017E-40B4-ADB6-26FF6874791C}.Debug|x64.Build.0 = Debug|Any CPU
		{46F3DE7E-017E-40B4-ADB6-26FF6874791C}.Debug|x86.ActiveCfg = Debug|Any CPU
		{46F3DE7E-017E-40B4-ADB6-26FF6874791C}.Debug|x86.Build.0 = Debug|Any CPU
		{46F3DE7E-017E-40B4-ADB6-26FF6874791C}.Release|Any CPU.ActiveCfg = Release|Any CPU
		{46F3DE7E-017E-40B4-ADB6-26FF6874791C}.Release|Any CPU.Build.0 = Release|Any CPU
		{46F3DE7E-017E-40B4-ADB6-26FF6874791C}.Release|x64.ActiveCfg = Release|Any CPU
		{46F3DE7E-017E-40B4-ADB6-26FF6874791C}.Release|x64.Build.0 = Release|Any CPU
		{46F3DE7E-017E-40B4-ADB6-26FF6874791C}.Release|x86.ActiveCfg = Release|Any CPU
		{46F3DE7E-017E-40B4-ADB6-26FF6874791C}.Release|x86.Build.0 = Release|Any CPU
		{7E9A1F0A-1A8C-405E-A826-CEB07F6E0598}.Debug|Any CPU.ActiveCfg = Debug|Any CPU
		{7E9A1F0A-1A8C-405E-A826-CEB07F6E0598}.Debug|Any CPU.Build.0 = Debug|Any CPU
		{7E9A1F0A-1A8C-405E-A826-CEB07F6E0598}.Debug|x64.ActiveCfg = Debug|Any CPU
		{7E9A1F0A-1A8C-405E-A826-CEB07F6E0598}.Debug|x64.Build.0 = Debug|Any CPU
		{7E9A1F0A-1A8C-405E-A826-CEB07F6E0598}.Debug|x86.ActiveCfg = Debug|Any CPU
		{7E9A1F0A-1A8C-405E-A826-CEB07F6E0598}.Debug|x86.Build.0 = Debug|Any CPU
		{7E9A1F0A-1A8C-405E-A826-CEB07F6E0598}.Release|Any CPU.ActiveCfg = Release|Any CPU
		{7E9A1F0A-1A8C-405E-A826-CEB07F6E0598}.Release|Any CPU.Build.0 = Release|Any CPU
		{7E9A1F0A-1A8C-405E-A826-CEB07F6E0598}.Release|x64.ActiveCfg = Release|Any CPU
		{7E9A1F0A-1A8C-405E-A826-CEB07F6E0598}.Release|x64.Build.0 = Release|Any CPU
		{7E9A1F0A-1A8C-405E-A826-CEB07F6E0598}.Release|x86.ActiveCfg = Release|Any CPU
		{7E9A1F0A-1A8C-405E-A826-CEB07F6E0598}.Release|x86.Build.0 = Release|Any CPU
		{B9ADAA35-0535-47B8-9731-8AA475A28CD1}.Debug|Any CPU.ActiveCfg = Debug|Any CPU
		{B9ADAA35-0535-47B8-9731-8AA475A28CD1}.Debug|Any CPU.Build.0 = Debug|Any CPU
		{B9ADAA35-0535-47B8-9731-8AA475A28CD1}.Debug|x64.ActiveCfg = Debug|Any CPU
		{B9ADAA35-0535-47B8-9731-8AA475A28CD1}.Debug|x64.Build.0 = Debug|Any CPU
		{B9ADAA35-0535-47B8-9731-8AA475A28CD1}.Debug|x86.ActiveCfg = Debug|Any CPU
		{B9ADAA35-0535-47B8-9731-8AA475A28CD1}.Debug|x86.Build.0 = Debug|Any CPU
		{B9ADAA35-0535-47B8-9731-8AA475A28CD1}.Release|Any CPU.ActiveCfg = Release|Any CPU
		{B9ADAA35-0535-47B8-9731-8AA475A28CD1}.Release|Any CPU.Build.0 = Release|Any CPU
		{B9ADAA35-0535-47B8-9731-8AA475A28CD1}.Release|x64.ActiveCfg = Release|Any CPU
		{B9ADAA35-0535-47B8-9731-8AA475A28CD1}.Release|x64.Build.0 = Release|Any CPU
		{B9ADAA35-0535-47B8-9731-8AA475A28CD1}.Release|x86.ActiveCfg = Release|Any CPU
		{B9ADAA35-0535-47B8-9731-8AA475A28CD1}.Release|x86.Build.0 = Release|Any CPU
		{315AB2DD-54A5-4543-86D6-033B717B4519}.Debug|Any CPU.ActiveCfg = Debug|Any CPU
		{315AB2DD-54A5-4543-86D6-033B717B4519}.Debug|Any CPU.Build.0 = Debug|Any CPU
		{315AB2DD-54A5-4543-86D6-033B717B4519}.Debug|x64.ActiveCfg = Debug|Any CPU
		{315AB2DD-54A5-4543-86D6-033B717B4519}.Debug|x64.Build.0 = Debug|Any CPU
		{315AB2DD-54A5-4543-86D6-033B717B4519}.Debug|x86.ActiveCfg = Debug|Any CPU
		{315AB2DD-54A5-4543-86D6-033B717B4519}.Debug|x86.Build.0 = Debug|Any CPU
		{315AB2DD-54A5-4543-86D6-033B717B4519}.Release|Any CPU.ActiveCfg = Release|Any CPU
		{315AB2DD-54A5-4543-86D6-033B717B4519}.Release|Any CPU.Build.0 = Release|Any CPU
		{315AB2DD-54A5-4543-86D6-033B717B4519}.Release|x64.ActiveCfg = Release|Any CPU
		{315AB2DD-54A5-4543-86D6-033B717B4519}.Release|x64.Build.0 = Release|Any CPU
		{315AB2DD-54A5-4543-86D6-033B717B4519}.Release|x86.ActiveCfg = Release|Any CPU
		{315AB2DD-54A5-4543-86D6-033B717B4519}.Release|x86.Build.0 = Release|Any CPU
	EndGlobalSection
	GlobalSection(NestedProjects) = preSolution
		{0650A118-AD44-4308-AF66-9B394C26117E} = {EE1DF9BC-D3AC-401E-B5D7-169F2AE2D0E1}
		{C87E146D-2E61-447D-A4CD-6CD620062195} = {EE1DF9BC-D3AC-401E-B5D7-169F2AE2D0E1}
		{472CC3E5-4A82-4677-9BA8-E602AC55E1C0} = {EE1DF9BC-D3AC-401E-B5D7-169F2AE2D0E1}
		{FB1DD98B-049D-4977-BFB4-A4E25ED5E7B0} = {EE1DF9BC-D3AC-401E-B5D7-169F2AE2D0E1}
		{549EC167-0640-457B-A836-BE92086B01E5} = {EE1DF9BC-D3AC-401E-B5D7-169F2AE2D0E1}
		{A8F3AB59-334C-4262-BB8A-D562FC6F3248} = {EE1DF9BC-D3AC-401E-B5D7-169F2AE2D0E1}
		{EEFAE709-1FBE-40AB-A0E3-1B15828D8B51} = {EE1DF9BC-D3AC-401E-B5D7-169F2AE2D0E1}
		{EB750FB8-2F36-4D14-B5E9-0BFA7E755DD8} = {EE1DF9BC-D3AC-401E-B5D7-169F2AE2D0E1}
		{54857398-E720-4C5F-9E35-1B19C707488D} = {EE1DF9BC-D3AC-401E-B5D7-169F2AE2D0E1}
		{46F3DE7E-017E-40B4-ADB6-26FF6874791C} = {EE1DF9BC-D3AC-401E-B5D7-169F2AE2D0E1}
		{7E9A1F0A-1A8C-405E-A826-CEB07F6E0598} = {EE1DF9BC-D3AC-401E-B5D7-169F2AE2D0E1}
		{B9ADAA35-0535-47B8-9731-8AA475A28CD1} = {EE1DF9BC-D3AC-401E-B5D7-169F2AE2D0E1}
		{315AB2DD-54A5-4543-86D6-033B717B4519} = {EE1DF9BC-D3AC-401E-B5D7-169F2AE2D0E1}
	EndGlobalSection
EndGlobal
