
Microsoft Visual Studio Solution File, Format Version 12.00
# Visual Studio Version 17
VisualStudioVersion = 17.0.31903.59
MinimumVisualStudioVersion = 10.0.40219.1
Project("{2150E333-8FDC-42A3-9474-1A3956D46DE8}") = "src", "src", "{7A78ADA0-F91F-4F9E-9C57-315C533EF79B}"
EndProject
Project("{FAE04EC0-301F-11D3-BF4B-00C04F79EFBC}") = "Klab.Toolkit.Common", "src\Klab.Toolkit.Common\Klab.Toolkit.Common.csproj", "{0A3178A1-D699-4C50-B468-82FE924973FC}"
EndProject
Project("{FAE04EC0-301F-11D3-BF4B-00C04F79EFBC}") = "Klab.Toolkit.Common.Tests", "src\Klab.Toolkit.Common.Tests\Klab.Toolkit.Common.Tests.csproj", "{08144058-C804-427B-A67C-5067502BA457}"
EndProject
Project("{FAE04EC0-301F-11D3-BF4B-00C04F79EFBC}") = "Klab.Toolkit.DI", "src\Klab.Toolkit.DI\Klab.Toolkit.DI.csproj", "{BA570D77-EAD4-4E24-962E-7B8E4B496B00}"
EndProject
Project("{FAE04EC0-301F-11D3-BF4B-00C04F79EFBC}") = "Klab.Toolkit.DI.Tests", "src\Klab.Toolkit.DI.Tests\Klab.Toolkit.DI.Tests.csproj", "{2BFCB77F-43C8-4B0A-ADAB-019EE06709EC}"
EndProject
Project("{FAE04EC0-301F-11D3-BF4B-00C04F79EFBC}") = "Klab.Toolkit.Event", "src\Klab.Toolkit.Event\Klab.Toolkit.Event.csproj", "{6384A4F0-8951-4E6E-BAD3-772A647339B2}"
EndProject
Project("{FAE04EC0-301F-11D3-BF4B-00C04F79EFBC}") = "Klab.Toolkit.Event.Tests", "src\Klab.Toolkit.Event.Tests\Klab.Toolkit.Event.Tests.csproj", "{3B0E2F3E-FDCC-40E5-BAFF-F2B3E6953CCB}"
EndProject
Project("{FAE04EC0-301F-11D3-BF4B-00C04F79EFBC}") = "Klab.Toolkit.ExtensionMethods", "src\Klab.Toolkit.ExtensionMethods\Klab.Toolkit.ExtensionMethods.csproj", "{EA1E47B1-AF51-415B-A383-7370815A623A}"
EndProject
Project("{FAE04EC0-301F-11D3-BF4B-00C04F79EFBC}") = "Klab.Toolkit.ExtensionMethods.Tests", "src\Klab.Toolkit.ExtensionMethods.Tests\Klab.Toolkit.ExtensionMethods.Tests.csproj", "{39B72393-CFB6-4A9E-951C-55FB1716AE60}"
EndProject
Project("{FAE04EC0-301F-11D3-BF4B-00C04F79EFBC}") = "Klab.Toolkit.Results", "src\Klab.Toolkit.Results\Klab.Toolkit.Results.csproj", "{ACF14167-FEED-4B46-957B-C8A8CA0DCCC8}"
EndProject
Project("{FAE04EC0-301F-11D3-BF4B-00C04F79EFBC}") = "Klab.Toolkit.Results.Tests", "src\Klab.Toolkit.Results.Tests\Klab.Toolkit.Results.Tests.csproj", "{1C9BF60B-A222-4B47-9099-C5D907FA8A38}"
EndProject
Project("{FAE04EC0-301F-11D3-BF4B-00C04F79EFBC}") = "Klab.Toolkit.ValueObjects", "src\Klab.Toolkit.ValueObjects\Klab.Toolkit.ValueObjects.csproj", "{70EE12BE-5E76-4C06-9E4D-20B35BA43466}"
EndProject
Project("{FAE04EC0-301F-11D3-BF4B-00C04F79EFBC}") = "Klab.Toolkit.ValueObjects.Tests", "src\Klab.Toolkit.ValueObjects.Tests\Klab.Toolkit.ValueObjects.Tests.csproj", "{8C7784B7-89BC-4B5C-9BEF-56A1EE1C5825}"
EndProject
Project("{FAE04EC0-301F-11D3-BF4B-00C04F79EFBC}") = "Klab.Toolkit.Event.Abstractions", "src\Klab.Toolkit.Event.Abstractions\Klab.Toolkit.Event.Abstractions.csproj", "{BE6AEC30-CDAE-4167-848B-B1BA10637D5D}"
EndProject
Global
	GlobalSection(SolutionConfigurationPlatforms) = preSolution
		Debug|Any CPU = Debug|Any CPU
		Debug|x64 = Debug|x64
		Debug|x86 = Debug|x86
		Release|Any CPU = Release|Any CPU
		Release|x64 = Release|x64
		Release|x86 = Release|x86
	EndGlobalSection
	GlobalSection(ProjectConfigurationPlatforms) = postSolution
		{0A3178A1-D699-4C50-B468-82FE924973FC}.Debug|Any CPU.ActiveCfg = Debug|Any CPU
		{0A3178A1-D699-4C50-B468-82FE924973FC}.Debug|Any CPU.Build.0 = Debug|Any CPU
		{0A3178A1-D699-4C50-B468-82FE924973FC}.Debug|x64.ActiveCfg = Debug|Any CPU
		{0A3178A1-D699-4C50-B468-82FE924973FC}.Debug|x64.Build.0 = Debug|Any CPU
		{0A3178A1-D699-4C50-B468-82FE924973FC}.Debug|x86.ActiveCfg = Debug|Any CPU
		{0A3178A1-D699-4C50-B468-82FE924973FC}.Debug|x86.Build.0 = Debug|Any CPU
		{0A3178A1-D699-4C50-B468-82FE924973FC}.Release|Any CPU.ActiveCfg = Release|Any CPU
		{0A3178A1-D699-4C50-B468-82FE924973FC}.Release|Any CPU.Build.0 = Release|Any CPU
		{0A3178A1-D699-4C50-B468-82FE924973FC}.Release|x64.ActiveCfg = Release|Any CPU
		{0A3178A1-D699-4C50-B468-82FE924973FC}.Release|x64.Build.0 = Release|Any CPU
		{0A3178A1-D699-4C50-B468-82FE924973FC}.Release|x86.ActiveCfg = Release|Any CPU
		{0A3178A1-D699-4C50-B468-82FE924973FC}.Release|x86.Build.0 = Release|Any CPU
		{08144058-C804-427B-A67C-5067502BA457}.Debug|Any CPU.ActiveCfg = Debug|Any CPU
		{08144058-C804-427B-A67C-5067502BA457}.Debug|Any CPU.Build.0 = Debug|Any CPU
		{08144058-C804-427B-A67C-5067502BA457}.Debug|x64.ActiveCfg = Debug|Any CPU
		{08144058-C804-427B-A67C-5067502BA457}.Debug|x64.Build.0 = Debug|Any CPU
		{08144058-C804-427B-A67C-5067502BA457}.Debug|x86.ActiveCfg = Debug|Any CPU
		{08144058-C804-427B-A67C-5067502BA457}.Debug|x86.Build.0 = Debug|Any CPU
		{08144058-C804-427B-A67C-5067502BA457}.Release|Any CPU.ActiveCfg = Release|Any CPU
		{08144058-C804-427B-A67C-5067502BA457}.Release|Any CPU.Build.0 = Release|Any CPU
		{08144058-C804-427B-A67C-5067502BA457}.Release|x64.ActiveCfg = Release|Any CPU
		{08144058-C804-427B-A67C-5067502BA457}.Release|x64.Build.0 = Release|Any CPU
		{08144058-C804-427B-A67C-5067502BA457}.Release|x86.ActiveCfg = Release|Any CPU
		{08144058-C804-427B-A67C-5067502BA457}.Release|x86.Build.0 = Release|Any CPU
		{BA570D77-EAD4-4E24-962E-7B8E4B496B00}.Debug|Any CPU.ActiveCfg = Debug|Any CPU
		{BA570D77-EAD4-4E24-962E-7B8E4B496B00}.Debug|Any CPU.Build.0 = Debug|Any CPU
		{BA570D77-EAD4-4E24-962E-7B8E4B496B00}.Debug|x64.ActiveCfg = Debug|Any CPU
		{BA570D77-EAD4-4E24-962E-7B8E4B496B00}.Debug|x64.Build.0 = Debug|Any CPU
		{BA570D77-EAD4-4E24-962E-7B8E4B496B00}.Debug|x86.ActiveCfg = Debug|Any CPU
		{BA570D77-EAD4-4E24-962E-7B8E4B496B00}.Debug|x86.Build.0 = Debug|Any CPU
		{BA570D77-EAD4-4E24-962E-7B8E4B496B00}.Release|Any CPU.ActiveCfg = Release|Any CPU
		{BA570D77-EAD4-4E24-962E-7B8E4B496B00}.Release|Any CPU.Build.0 = Release|Any CPU
		{BA570D77-EAD4-4E24-962E-7B8E4B496B00}.Release|x64.ActiveCfg = Release|Any CPU
		{BA570D77-EAD4-4E24-962E-7B8E4B496B00}.Release|x64.Build.0 = Release|Any CPU
		{BA570D77-EAD4-4E24-962E-7B8E4B496B00}.Release|x86.ActiveCfg = Release|Any CPU
		{BA570D77-EAD4-4E24-962E-7B8E4B496B00}.Release|x86.Build.0 = Release|Any CPU
		{2BFCB77F-43C8-4B0A-ADAB-019EE06709EC}.Debug|Any CPU.ActiveCfg = Debug|Any CPU
		{2BFCB77F-43C8-4B0A-ADAB-019EE06709EC}.Debug|Any CPU.Build.0 = Debug|Any CPU
		{2BFCB77F-43C8-4B0A-ADAB-019EE06709EC}.Debug|x64.ActiveCfg = Debug|Any CPU
		{2BFCB77F-43C8-4B0A-ADAB-019EE06709EC}.Debug|x64.Build.0 = Debug|Any CPU
		{2BFCB77F-43C8-4B0A-ADAB-019EE06709EC}.Debug|x86.ActiveCfg = Debug|Any CPU
		{2BFCB77F-43C8-4B0A-ADAB-019EE06709EC}.Debug|x86.Build.0 = Debug|Any CPU
		{2BFCB77F-43C8-4B0A-ADAB-019EE06709EC}.Release|Any CPU.ActiveCfg = Release|Any CPU
		{2BFCB77F-43C8-4B0A-ADAB-019EE06709EC}.Release|Any CPU.Build.0 = Release|Any CPU
		{2BFCB77F-43C8-4B0A-ADAB-019EE06709EC}.Release|x64.ActiveCfg = Release|Any CPU
		{2BFCB77F-43C8-4B0A-ADAB-019EE06709EC}.Release|x64.Build.0 = Release|Any CPU
		{2BFCB77F-43C8-4B0A-ADAB-019EE06709EC}.Release|x86.ActiveCfg = Release|Any CPU
		{2BFCB77F-43C8-4B0A-ADAB-019EE06709EC}.Release|x86.Build.0 = Release|Any CPU
		{6384A4F0-8951-4E6E-BAD3-772A647339B2}.Debug|Any CPU.ActiveCfg = Debug|Any CPU
		{6384A4F0-8951-4E6E-BAD3-772A647339B2}.Debug|Any CPU.Build.0 = Debug|Any CPU
		{6384A4F0-8951-4E6E-BAD3-772A647339B2}.Debug|x64.ActiveCfg = Debug|Any CPU
		{6384A4F0-8951-4E6E-BAD3-772A647339B2}.Debug|x64.Build.0 = Debug|Any CPU
		{6384A4F0-8951-4E6E-BAD3-772A647339B2}.Debug|x86.ActiveCfg = Debug|Any CPU
		{6384A4F0-8951-4E6E-BAD3-772A647339B2}.Debug|x86.Build.0 = Debug|Any CPU
		{6384A4F0-8951-4E6E-BAD3-772A647339B2}.Release|Any CPU.ActiveCfg = Release|Any CPU
		{6384A4F0-8951-4E6E-BAD3-772A647339B2}.Release|Any CPU.Build.0 = Release|Any CPU
		{6384A4F0-8951-4E6E-BAD3-772A647339B2}.Release|x64.ActiveCfg = Release|Any CPU
		{6384A4F0-8951-4E6E-BAD3-772A647339B2}.Release|x64.Build.0 = Release|Any CPU
		{6384A4F0-8951-4E6E-BAD3-772A647339B2}.Release|x86.ActiveCfg = Release|Any CPU
		{6384A4F0-8951-4E6E-BAD3-772A647339B2}.Release|x86.Build.0 = Release|Any CPU
		{3B0E2F3E-FDCC-40E5-BAFF-F2B3E6953CCB}.Debug|Any CPU.ActiveCfg = Debug|Any CPU
		{3B0E2F3E-FDCC-40E5-BAFF-F2B3E6953CCB}.Debug|Any CPU.Build.0 = Debug|Any CPU
		{3B0E2F3E-FDCC-40E5-BAFF-F2B3E6953CCB}.Debug|x64.ActiveCfg = Debug|Any CPU
		{3B0E2F3E-FDCC-40E5-BAFF-F2B3E6953CCB}.Debug|x64.Build.0 = Debug|Any CPU
		{3B0E2F3E-FDCC-40E5-BAFF-F2B3E6953CCB}.Debug|x86.ActiveCfg = Debug|Any CPU
		{3B0E2F3E-FDCC-40E5-BAFF-F2B3E6953CCB}.Debug|x86.Build.0 = Debug|Any CPU
		{3B0E2F3E-FDCC-40E5-BAFF-F2B3E6953CCB}.Release|Any CPU.ActiveCfg = Release|Any CPU
		{3B0E2F3E-FDCC-40E5-BAFF-F2B3E6953CCB}.Release|Any CPU.Build.0 = Release|Any CPU
		{3B0E2F3E-FDCC-40E5-BAFF-F2B3E6953CCB}.Release|x64.ActiveCfg = Release|Any CPU
		{3B0E2F3E-FDCC-40E5-BAFF-F2B3E6953CCB}.Release|x64.Build.0 = Release|Any CPU
		{3B0E2F3E-FDCC-40E5-BAFF-F2B3E6953CCB}.Release|x86.ActiveCfg = Release|Any CPU
		{3B0E2F3E-FDCC-40E5-BAFF-F2B3E6953CCB}.Release|x86.Build.0 = Release|Any CPU
		{EA1E47B1-AF51-415B-A383-7370815A623A}.Debug|Any CPU.ActiveCfg = Debug|Any CPU
		{EA1E47B1-AF51-415B-A383-7370815A623A}.Debug|Any CPU.Build.0 = Debug|Any CPU
		{EA1E47B1-AF51-415B-A383-7370815A623A}.Debug|x64.ActiveCfg = Debug|Any CPU
		{EA1E47B1-AF51-415B-A383-7370815A623A}.Debug|x64.Build.0 = Debug|Any CPU
		{EA1E47B1-AF51-415B-A383-7370815A623A}.Debug|x86.ActiveCfg = Debug|Any CPU
		{EA1E47B1-AF51-415B-A383-7370815A623A}.Debug|x86.Build.0 = Debug|Any CPU
		{EA1E47B1-AF51-415B-A383-7370815A623A}.Release|Any CPU.ActiveCfg = Release|Any CPU
		{EA1E47B1-AF51-415B-A383-7370815A623A}.Release|Any CPU.Build.0 = Release|Any CPU
		{EA1E47B1-AF51-415B-A383-7370815A623A}.Release|x64.ActiveCfg = Release|Any CPU
		{EA1E47B1-AF51-415B-A383-7370815A623A}.Release|x64.Build.0 = Release|Any CPU
		{EA1E47B1-AF51-415B-A383-7370815A623A}.Release|x86.ActiveCfg = Release|Any CPU
		{EA1E47B1-AF51-415B-A383-7370815A623A}.Release|x86.Build.0 = Release|Any CPU
		{39B72393-CFB6-4A9E-951C-55FB1716AE60}.Debug|Any CPU.ActiveCfg = Debug|Any CPU
		{39B72393-CFB6-4A9E-951C-55FB1716AE60}.Debug|Any CPU.Build.0 = Debug|Any CPU
		{39B72393-CFB6-4A9E-951C-55FB1716AE60}.Debug|x64.ActiveCfg = Debug|Any CPU
		{39B72393-CFB6-4A9E-951C-55FB1716AE60}.Debug|x64.Build.0 = Debug|Any CPU
		{39B72393-CFB6-4A9E-951C-55FB1716AE60}.Debug|x86.ActiveCfg = Debug|Any CPU
		{39B72393-CFB6-4A9E-951C-55FB1716AE60}.Debug|x86.Build.0 = Debug|Any CPU
		{39B72393-CFB6-4A9E-951C-55FB1716AE60}.Release|Any CPU.ActiveCfg = Release|Any CPU
		{39B72393-CFB6-4A9E-951C-55FB1716AE60}.Release|Any CPU.Build.0 = Release|Any CPU
		{39B72393-CFB6-4A9E-951C-55FB1716AE60}.Release|x64.ActiveCfg = Release|Any CPU
		{39B72393-CFB6-4A9E-951C-55FB1716AE60}.Release|x64.Build.0 = Release|Any CPU
		{39B72393-CFB6-4A9E-951C-55FB1716AE60}.Release|x86.ActiveCfg = Release|Any CPU
		{39B72393-CFB6-4A9E-951C-55FB1716AE60}.Release|x86.Build.0 = Release|Any CPU
		{ACF14167-FEED-4B46-957B-C8A8CA0DCCC8}.Debug|Any CPU.ActiveCfg = Debug|Any CPU
		{ACF14167-FEED-4B46-957B-C8A8CA0DCCC8}.Debug|Any CPU.Build.0 = Debug|Any CPU
		{ACF14167-FEED-4B46-957B-C8A8CA0DCCC8}.Debug|x64.ActiveCfg = Debug|Any CPU
		{ACF14167-FEED-4B46-957B-C8A8CA0DCCC8}.Debug|x64.Build.0 = Debug|Any CPU
		{ACF14167-FEED-4B46-957B-C8A8CA0DCCC8}.Debug|x86.ActiveCfg = Debug|Any CPU
		{ACF14167-FEED-4B46-957B-C8A8CA0DCCC8}.Debug|x86.Build.0 = Debug|Any CPU
		{ACF14167-FEED-4B46-957B-C8A8CA0DCCC8}.Release|Any CPU.ActiveCfg = Release|Any CPU
		{ACF14167-FEED-4B46-957B-C8A8CA0DCCC8}.Release|Any CPU.Build.0 = Release|Any CPU
		{ACF14167-FEED-4B46-957B-C8A8CA0DCCC8}.Release|x64.ActiveCfg = Release|Any CPU
		{ACF14167-FEED-4B46-957B-C8A8CA0DCCC8}.Release|x64.Build.0 = Release|Any CPU
		{ACF14167-FEED-4B46-957B-C8A8CA0DCCC8}.Release|x86.ActiveCfg = Release|Any CPU
		{ACF14167-FEED-4B46-957B-C8A8CA0DCCC8}.Release|x86.Build.0 = Release|Any CPU
		{1C9BF60B-A222-4B47-9099-C5D907FA8A38}.Debug|Any CPU.ActiveCfg = Debug|Any CPU
		{1C9BF60B-A222-4B47-9099-C5D907FA8A38}.Debug|Any CPU.Build.0 = Debug|Any CPU
		{1C9BF60B-A222-4B47-9099-C5D907FA8A38}.Debug|x64.ActiveCfg = Debug|Any CPU
		{1C9BF60B-A222-4B47-9099-C5D907FA8A38}.Debug|x64.Build.0 = Debug|Any CPU
		{1C9BF60B-A222-4B47-9099-C5D907FA8A38}.Debug|x86.ActiveCfg = Debug|Any CPU
		{1C9BF60B-A222-4B47-9099-C5D907FA8A38}.Debug|x86.Build.0 = Debug|Any CPU
		{1C9BF60B-A222-4B47-9099-C5D907FA8A38}.Release|Any CPU.ActiveCfg = Release|Any CPU
		{1C9BF60B-A222-4B47-9099-C5D907FA8A38}.Release|Any CPU.Build.0 = Release|Any CPU
		{1C9BF60B-A222-4B47-9099-C5D907FA8A38}.Release|x64.ActiveCfg = Release|Any CPU
		{1C9BF60B-A222-4B47-9099-C5D907FA8A38}.Release|x64.Build.0 = Release|Any CPU
		{1C9BF60B-A222-4B47-9099-C5D907FA8A38}.Release|x86.ActiveCfg = Release|Any CPU
		{1C9BF60B-A222-4B47-9099-C5D907FA8A38}.Release|x86.Build.0 = Release|Any CPU
		{70EE12BE-5E76-4C06-9E4D-20B35BA43466}.Debug|Any CPU.ActiveCfg = Debug|Any CPU
		{70EE12BE-5E76-4C06-9E4D-20B35BA43466}.Debug|Any CPU.Build.0 = Debug|Any CPU
		{70EE12BE-5E76-4C06-9E4D-20B35BA43466}.Debug|x64.ActiveCfg = Debug|Any CPU
		{70EE12BE-5E76-4C06-9E4D-20B35BA43466}.Debug|x64.Build.0 = Debug|Any CPU
		{70EE12BE-5E76-4C06-9E4D-20B35BA43466}.Debug|x86.ActiveCfg = Debug|Any CPU
		{70EE12BE-5E76-4C06-9E4D-20B35BA43466}.Debug|x86.Build.0 = Debug|Any CPU
		{70EE12BE-5E76-4C06-9E4D-20B35BA43466}.Release|Any CPU.ActiveCfg = Release|Any CPU
		{70EE12BE-5E76-4C06-9E4D-20B35BA43466}.Release|Any CPU.Build.0 = Release|Any CPU
		{70EE12BE-5E76-4C06-9E4D-20B35BA43466}.Release|x64.ActiveCfg = Release|Any CPU
		{70EE12BE-5E76-4C06-9E4D-20B35BA43466}.Release|x64.Build.0 = Release|Any CPU
		{70EE12BE-5E76-4C06-9E4D-20B35BA43466}.Release|x86.ActiveCfg = Release|Any CPU
		{70EE12BE-5E76-4C06-9E4D-20B35BA43466}.Release|x86.Build.0 = Release|Any CPU
		{8C7784B7-89BC-4B5C-9BEF-56A1EE1C5825}.Debug|Any CPU.ActiveCfg = Debug|Any CPU
		{8C7784B7-89BC-4B5C-9BEF-56A1EE1C5825}.Debug|Any CPU.Build.0 = Debug|Any CPU
		{8C7784B7-89BC-4B5C-9BEF-56A1EE1C5825}.Debug|x64.ActiveCfg = Debug|Any CPU
		{8C7784B7-89BC-4B5C-9BEF-56A1EE1C5825}.Debug|x64.Build.0 = Debug|Any CPU
		{8C7784B7-89BC-4B5C-9BEF-56A1EE1C5825}.Debug|x86.ActiveCfg = Debug|Any CPU
		{8C7784B7-89BC-4B5C-9BEF-56A1EE1C5825}.Debug|x86.Build.0 = Debug|Any CPU
		{8C7784B7-89BC-4B5C-9BEF-56A1EE1C5825}.Release|Any CPU.ActiveCfg = Release|Any CPU
		{8C7784B7-89BC-4B5C-9BEF-56A1EE1C5825}.Release|Any CPU.Build.0 = Release|Any CPU
		{8C7784B7-89BC-4B5C-9BEF-56A1EE1C5825}.Release|x64.ActiveCfg = Release|Any CPU
		{8C7784B7-89BC-4B5C-9BEF-56A1EE1C5825}.Release|x64.Build.0 = Release|Any CPU
		{8C7784B7-89BC-4B5C-9BEF-56A1EE1C5825}.Release|x86.ActiveCfg = Release|Any CPU
		{8C7784B7-89BC-4B5C-9BEF-56A1EE1C5825}.Release|x86.Build.0 = Release|Any CPU
		{BE6AEC30-CDAE-4167-848B-B1BA10637D5D}.Debug|Any CPU.ActiveCfg = Debug|Any CPU
		{BE6AEC30-CDAE-4167-848B-B1BA10637D5D}.Debug|Any CPU.Build.0 = Debug|Any CPU
		{BE6AEC30-CDAE-4167-848B-B1BA10637D5D}.Debug|x64.ActiveCfg = Debug|Any CPU
		{BE6AEC30-CDAE-4167-848B-B1BA10637D5D}.Debug|x64.Build.0 = Debug|Any CPU
		{BE6AEC30-CDAE-4167-848B-B1BA10637D5D}.Debug|x86.ActiveCfg = Debug|Any CPU
		{BE6AEC30-CDAE-4167-848B-B1BA10637D5D}.Debug|x86.Build.0 = Debug|Any CPU
		{BE6AEC30-CDAE-4167-848B-B1BA10637D5D}.Release|Any CPU.ActiveCfg = Release|Any CPU
		{BE6AEC30-CDAE-4167-848B-B1BA10637D5D}.Release|Any CPU.Build.0 = Release|Any CPU
		{BE6AEC30-CDAE-4167-848B-B1BA10637D5D}.Release|x64.ActiveCfg = Release|Any CPU
		{BE6AEC30-CDAE-4167-848B-B1BA10637D5D}.Release|x64.Build.0 = Release|Any CPU
		{BE6AEC30-CDAE-4167-848B-B1BA10637D5D}.Release|x86.ActiveCfg = Release|Any CPU
		{BE6AEC30-CDAE-4167-848B-B1BA10637D5D}.Release|x86.Build.0 = Release|Any CPU
	EndGlobalSection
	GlobalSection(NestedProjects) = preSolution
		{0A3178A1-D699-4C50-B468-82FE924973FC} = {7A78ADA0-F91F-4F9E-9C57-315C533EF79B}
		{08144058-C804-427B-A67C-5067502BA457} = {7A78ADA0-F91F-4F9E-9C57-315C533EF79B}
		{BA570D77-EAD4-4E24-962E-7B8E4B496B00} = {7A78ADA0-F91F-4F9E-9C57-315C533EF79B}
		{2BFCB77F-43C8-4B0A-ADAB-019EE06709EC} = {7A78ADA0-F91F-4F9E-9C57-315C533EF79B}
		{6384A4F0-8951-4E6E-BAD3-772A647339B2} = {7A78ADA0-F91F-4F9E-9C57-315C533EF79B}
		{3B0E2F3E-FDCC-40E5-BAFF-F2B3E6953CCB} = {7A78ADA0-F91F-4F9E-9C57-315C533EF79B}
		{EA1E47B1-AF51-415B-A383-7370815A623A} = {7A78ADA0-F91F-4F9E-9C57-315C533EF79B}
		{39B72393-CFB6-4A9E-951C-55FB1716AE60} = {7A78ADA0-F91F-4F9E-9C57-315C533EF79B}
		{ACF14167-FEED-4B46-957B-C8A8CA0DCCC8} = {7A78ADA0-F91F-4F9E-9C57-315C533EF79B}
		{1C9BF60B-A222-4B47-9099-C5D907FA8A38} = {7A78ADA0-F91F-4F9E-9C57-315C533EF79B}
		{70EE12BE-5E76-4C06-9E4D-20B35BA43466} = {7A78ADA0-F91F-4F9E-9C57-315C533EF79B}
		{8C7784B7-89BC-4B5C-9BEF-56A1EE1C5825} = {7A78ADA0-F91F-4F9E-9C57-315C533EF79B}
		{BE6AEC30-CDAE-4167-848B-B1BA10637D5D} = {7A78ADA0-F91F-4F9E-9C57-315C533EF79B}
	EndGlobalSection
EndGlobal
